// !$*UTF8*$!
{
	archiveVersion = 1;
	classes = {
	};
	objectVersion = 52;
	objects = {

/* Begin PBXBuildFile section */
		4D853D8F46510A2C1B6F9D2C /* Pods_Yumemi_WeatherTests.framework in Frameworks */ = {isa = PBXBuildFile; fileRef = 7F98FF68198D69A307E57221 /* Pods_Yumemi_WeatherTests.framework */; };
		7D6E4472A301DDCE10943018 /* Pods_Yumemi_Weather.framework in Frameworks */ = {isa = PBXBuildFile; fileRef = E0CF3F4C60ADD5AE1F9C4811 /* Pods_Yumemi_Weather.framework */; };
		CD010BAA26677D4F00821658 /* SceneDelegate.swift in Sources */ = {isa = PBXBuildFile; fileRef = CD010BA926677D4F00821658 /* SceneDelegate.swift */; };
		CD1C7025266616F800BBF45F /* YumemiWeather in Frameworks */ = {isa = PBXBuildFile; productRef = CD1C7024266616F800BBF45F /* YumemiWeather */; };
		CDF185962665E9720075F1C1 /* AppDelegate.swift in Sources */ = {isa = PBXBuildFile; fileRef = CDF185952665E9720075F1C1 /* AppDelegate.swift */; };
		CDF1859D2665E9720075F1C1 /* Main.storyboard in Resources */ = {isa = PBXBuildFile; fileRef = CDF1859B2665E9720075F1C1 /* Main.storyboard */; };
		CDF1859F2665E9730075F1C1 /* Assets.xcassets in Resources */ = {isa = PBXBuildFile; fileRef = CDF1859E2665E9730075F1C1 /* Assets.xcassets */; };
		CDF185A22665E9730075F1C1 /* LaunchScreen.storyboard in Resources */ = {isa = PBXBuildFile; fileRef = CDF185A02665E9730075F1C1 /* LaunchScreen.storyboard */; };
		CDF185AD2665E9730075F1C1 /* Yumemi_WeatherTests.swift in Sources */ = {isa = PBXBuildFile; fileRef = CDF185AC2665E9730075F1C1 /* Yumemi_WeatherTests.swift */; };
		CDF185B82665E9740075F1C1 /* Yumemi_WeatherUITests.swift in Sources */ = {isa = PBXBuildFile; fileRef = CDF185B72665E9740075F1C1 /* Yumemi_WeatherUITests.swift */; };
		CDF998F1266780B5009A1B63 /* ViewController.swift in Sources */ = {isa = PBXBuildFile; fileRef = CDF998F0266780B5009A1B63 /* ViewController.swift */; };
		CDF998F726678333009A1B63 /* R.generated.swift in Sources */ = {isa = PBXBuildFile; fileRef = CDF998F626678333009A1B63 /* R.generated.swift */; };
		CDF998FA266783EA009A1B63 /* WeatherModel.swift in Sources */ = {isa = PBXBuildFile; fileRef = CDF998F9266783EA009A1B63 /* WeatherModel.swift */; };
		CDF998FD26678414009A1B63 /* WeatherView.swift in Sources */ = {isa = PBXBuildFile; fileRef = CDF998FC26678414009A1B63 /* WeatherView.swift */; };
		F321A675253BDF084724E896 /* Pods_Yumemi_Weather_Yumemi_WeatherUITests.framework in Frameworks */ = {isa = PBXBuildFile; fileRef = 5D8DA2EEB1A765CAE7C4ABC0 /* Pods_Yumemi_Weather_Yumemi_WeatherUITests.framework */; };
/* End PBXBuildFile section */

/* Begin PBXContainerItemProxy section */
		CDF185A92665E9730075F1C1 /* PBXContainerItemProxy */ = {
			isa = PBXContainerItemProxy;
			containerPortal = CDF1858A2665E9710075F1C1 /* Project object */;
			proxyType = 1;
			remoteGlobalIDString = CDF185912665E9720075F1C1;
			remoteInfo = "Yumemi-Weather";
		};
		CDF185B42665E9740075F1C1 /* PBXContainerItemProxy */ = {
			isa = PBXContainerItemProxy;
			containerPortal = CDF1858A2665E9710075F1C1 /* Project object */;
			proxyType = 1;
			remoteGlobalIDString = CDF185912665E9720075F1C1;
			remoteInfo = "Yumemi-Weather";
		};
/* End PBXContainerItemProxy section */

/* Begin PBXFileReference section */
		03294A57D80198BE4D1FDDBA /* Pods-Yumemi-Weather.debug.xcconfig */ = {isa = PBXFileReference; includeInIndex = 1; lastKnownFileType = text.xcconfig; name = "Pods-Yumemi-Weather.debug.xcconfig"; path = "Target Support Files/Pods-Yumemi-Weather/Pods-Yumemi-Weather.debug.xcconfig"; sourceTree = "<group>"; };
		172F4D023F06ABC2A637E86C /* Pods-Yumemi-Weather-Yumemi-WeatherUITests.release.xcconfig */ = {isa = PBXFileReference; includeInIndex = 1; lastKnownFileType = text.xcconfig; name = "Pods-Yumemi-Weather-Yumemi-WeatherUITests.release.xcconfig"; path = "Target Support Files/Pods-Yumemi-Weather-Yumemi-WeatherUITests/Pods-Yumemi-Weather-Yumemi-WeatherUITests.release.xcconfig"; sourceTree = "<group>"; };
		1869855746586A7D4928FC38 /* Pods-Yumemi-Weather.release.xcconfig */ = {isa = PBXFileReference; includeInIndex = 1; lastKnownFileType = text.xcconfig; name = "Pods-Yumemi-Weather.release.xcconfig"; path = "Target Support Files/Pods-Yumemi-Weather/Pods-Yumemi-Weather.release.xcconfig"; sourceTree = "<group>"; };
		1D969878AE96E01AF165DB69 /* Pods-Yumemi-WeatherTests.debug.xcconfig */ = {isa = PBXFileReference; includeInIndex = 1; lastKnownFileType = text.xcconfig; name = "Pods-Yumemi-WeatherTests.debug.xcconfig"; path = "Target Support Files/Pods-Yumemi-WeatherTests/Pods-Yumemi-WeatherTests.debug.xcconfig"; sourceTree = "<group>"; };
		5D8DA2EEB1A765CAE7C4ABC0 /* Pods_Yumemi_Weather_Yumemi_WeatherUITests.framework */ = {isa = PBXFileReference; explicitFileType = wrapper.framework; includeInIndex = 0; path = Pods_Yumemi_Weather_Yumemi_WeatherUITests.framework; sourceTree = BUILT_PRODUCTS_DIR; };
		6A60754269231A0F4521F683 /* Pods-Yumemi-Weather-Yumemi-WeatherUITests.debug.xcconfig */ = {isa = PBXFileReference; includeInIndex = 1; lastKnownFileType = text.xcconfig; name = "Pods-Yumemi-Weather-Yumemi-WeatherUITests.debug.xcconfig"; path = "Target Support Files/Pods-Yumemi-Weather-Yumemi-WeatherUITests/Pods-Yumemi-Weather-Yumemi-WeatherUITests.debug.xcconfig"; sourceTree = "<group>"; };
		7F98FF68198D69A307E57221 /* Pods_Yumemi_WeatherTests.framework */ = {isa = PBXFileReference; explicitFileType = wrapper.framework; includeInIndex = 0; path = Pods_Yumemi_WeatherTests.framework; sourceTree = BUILT_PRODUCTS_DIR; };
		CD010BA926677D4F00821658 /* SceneDelegate.swift */ = {isa = PBXFileReference; lastKnownFileType = sourcecode.swift; path = SceneDelegate.swift; sourceTree = "<group>"; };
		CDF185922665E9720075F1C1 /* Yumemi-Weather.app */ = {isa = PBXFileReference; explicitFileType = wrapper.application; includeInIndex = 0; path = "Yumemi-Weather.app"; sourceTree = BUILT_PRODUCTS_DIR; };
		CDF185952665E9720075F1C1 /* AppDelegate.swift */ = {isa = PBXFileReference; lastKnownFileType = sourcecode.swift; path = AppDelegate.swift; sourceTree = "<group>"; };
		CDF1859C2665E9720075F1C1 /* Base */ = {isa = PBXFileReference; lastKnownFileType = file.storyboard; name = Base; path = Base.lproj/Main.storyboard; sourceTree = "<group>"; };
		CDF1859E2665E9730075F1C1 /* Assets.xcassets */ = {isa = PBXFileReference; lastKnownFileType = folder.assetcatalog; path = Assets.xcassets; sourceTree = "<group>"; };
		CDF185A12665E9730075F1C1 /* Base */ = {isa = PBXFileReference; lastKnownFileType = file.storyboard; name = Base; path = Base.lproj/LaunchScreen.storyboard; sourceTree = "<group>"; };
		CDF185A32665E9730075F1C1 /* Info.plist */ = {isa = PBXFileReference; lastKnownFileType = text.plist.xml; path = Info.plist; sourceTree = "<group>"; };
		CDF185A82665E9730075F1C1 /* Yumemi-WeatherTests.xctest */ = {isa = PBXFileReference; explicitFileType = wrapper.cfbundle; includeInIndex = 0; path = "Yumemi-WeatherTests.xctest"; sourceTree = BUILT_PRODUCTS_DIR; };
		CDF185AC2665E9730075F1C1 /* Yumemi_WeatherTests.swift */ = {isa = PBXFileReference; lastKnownFileType = sourcecode.swift; path = Yumemi_WeatherTests.swift; sourceTree = "<group>"; };
		CDF185AE2665E9730075F1C1 /* Info.plist */ = {isa = PBXFileReference; lastKnownFileType = text.plist.xml; path = Info.plist; sourceTree = "<group>"; };
		CDF185B32665E9740075F1C1 /* Yumemi-WeatherUITests.xctest */ = {isa = PBXFileReference; explicitFileType = wrapper.cfbundle; includeInIndex = 0; path = "Yumemi-WeatherUITests.xctest"; sourceTree = BUILT_PRODUCTS_DIR; };
		CDF185B72665E9740075F1C1 /* Yumemi_WeatherUITests.swift */ = {isa = PBXFileReference; lastKnownFileType = sourcecode.swift; path = Yumemi_WeatherUITests.swift; sourceTree = "<group>"; };
		CDF185B92665E9740075F1C1 /* Info.plist */ = {isa = PBXFileReference; lastKnownFileType = text.plist.xml; path = Info.plist; sourceTree = "<group>"; };
		CDF998F0266780B5009A1B63 /* ViewController.swift */ = {isa = PBXFileReference; lastKnownFileType = sourcecode.swift; path = ViewController.swift; sourceTree = "<group>"; };
		CDF998F626678333009A1B63 /* R.generated.swift */ = {isa = PBXFileReference; fileEncoding = 4; lastKnownFileType = sourcecode.swift; path = R.generated.swift; sourceTree = "<group>"; };
		CDF998F9266783EA009A1B63 /* WeatherModel.swift */ = {isa = PBXFileReference; lastKnownFileType = sourcecode.swift; path = WeatherModel.swift; sourceTree = "<group>"; };
		CDF998FC26678414009A1B63 /* WeatherView.swift */ = {isa = PBXFileReference; lastKnownFileType = sourcecode.swift; path = WeatherView.swift; sourceTree = "<group>"; };
		E0CF3F4C60ADD5AE1F9C4811 /* Pods_Yumemi_Weather.framework */ = {isa = PBXFileReference; explicitFileType = wrapper.framework; includeInIndex = 0; path = Pods_Yumemi_Weather.framework; sourceTree = BUILT_PRODUCTS_DIR; };
		E4AED6D6B5DC4E3F76E4320B /* Pods-Yumemi-WeatherTests.release.xcconfig */ = {isa = PBXFileReference; includeInIndex = 1; lastKnownFileType = text.xcconfig; name = "Pods-Yumemi-WeatherTests.release.xcconfig"; path = "Target Support Files/Pods-Yumemi-WeatherTests/Pods-Yumemi-WeatherTests.release.xcconfig"; sourceTree = "<group>"; };
/* End PBXFileReference section */

/* Begin PBXFrameworksBuildPhase section */
		CDF1858F2665E9720075F1C1 /* Frameworks */ = {
			isa = PBXFrameworksBuildPhase;
			buildActionMask = 2147483647;
			files = (
				CD1C7025266616F800BBF45F /* YumemiWeather in Frameworks */,
				7D6E4472A301DDCE10943018 /* Pods_Yumemi_Weather.framework in Frameworks */,
			);
			runOnlyForDeploymentPostprocessing = 0;
		};
		CDF185A52665E9730075F1C1 /* Frameworks */ = {
			isa = PBXFrameworksBuildPhase;
			buildActionMask = 2147483647;
			files = (
				4D853D8F46510A2C1B6F9D2C /* Pods_Yumemi_WeatherTests.framework in Frameworks */,
			);
			runOnlyForDeploymentPostprocessing = 0;
		};
		CDF185B02665E9740075F1C1 /* Frameworks */ = {
			isa = PBXFrameworksBuildPhase;
			buildActionMask = 2147483647;
			files = (
				F321A675253BDF084724E896 /* Pods_Yumemi_Weather_Yumemi_WeatherUITests.framework in Frameworks */,
			);
			runOnlyForDeploymentPostprocessing = 0;
		};
/* End PBXFrameworksBuildPhase section */

/* Begin PBXGroup section */
		2FDB729040D99F764AF2A9EF /* Frameworks */ = {
			isa = PBXGroup;
			children = (
				E0CF3F4C60ADD5AE1F9C4811 /* Pods_Yumemi_Weather.framework */,
				5D8DA2EEB1A765CAE7C4ABC0 /* Pods_Yumemi_Weather_Yumemi_WeatherUITests.framework */,
				7F98FF68198D69A307E57221 /* Pods_Yumemi_WeatherTests.framework */,
			);
			name = Frameworks;
			sourceTree = "<group>";
		};
		62BE32E2498404441F4C23F7 /* Pods */ = {
			isa = PBXGroup;
			children = (
				03294A57D80198BE4D1FDDBA /* Pods-Yumemi-Weather.debug.xcconfig */,
				1869855746586A7D4928FC38 /* Pods-Yumemi-Weather.release.xcconfig */,
				6A60754269231A0F4521F683 /* Pods-Yumemi-Weather-Yumemi-WeatherUITests.debug.xcconfig */,
				172F4D023F06ABC2A637E86C /* Pods-Yumemi-Weather-Yumemi-WeatherUITests.release.xcconfig */,
				1D969878AE96E01AF165DB69 /* Pods-Yumemi-WeatherTests.debug.xcconfig */,
				E4AED6D6B5DC4E3F76E4320B /* Pods-Yumemi-WeatherTests.release.xcconfig */,
			);
			path = Pods;
			sourceTree = "<group>";
		};
		CDF185892665E9710075F1C1 = {
			isa = PBXGroup;
			children = (
				CDF998F626678333009A1B63 /* R.generated.swift */,
				CDF185942665E9720075F1C1 /* Yumemi-Weather */,
				CDF185AB2665E9730075F1C1 /* Yumemi-WeatherTests */,
				CDF185B62665E9740075F1C1 /* Yumemi-WeatherUITests */,
				CDF185932665E9720075F1C1 /* Products */,
				62BE32E2498404441F4C23F7 /* Pods */,
				2FDB729040D99F764AF2A9EF /* Frameworks */,
			);
			sourceTree = "<group>";
		};
		CDF185932665E9720075F1C1 /* Products */ = {
			isa = PBXGroup;
			children = (
				CDF185922665E9720075F1C1 /* Yumemi-Weather.app */,
				CDF185A82665E9730075F1C1 /* Yumemi-WeatherTests.xctest */,
				CDF185B32665E9740075F1C1 /* Yumemi-WeatherUITests.xctest */,
			);
			name = Products;
			sourceTree = "<group>";
		};
		CDF185942665E9720075F1C1 /* Yumemi-Weather */ = {
			isa = PBXGroup;
			children = (
				CDF998FE2667842D009A1B63 /* Controller */,
				CDF998FB26678403009A1B63 /* View */,
				CDF998F8266783C8009A1B63 /* Model */,
				CDF185952665E9720075F1C1 /* AppDelegate.swift */,
				CD010BA926677D4F00821658 /* SceneDelegate.swift */,
				CDF1859B2665E9720075F1C1 /* Main.storyboard */,
				CDF1859E2665E9730075F1C1 /* Assets.xcassets */,
				CDF185A02665E9730075F1C1 /* LaunchScreen.storyboard */,
				CDF185A32665E9730075F1C1 /* Info.plist */,
			);
			path = "Yumemi-Weather";
			sourceTree = "<group>";
		};
		CDF185AB2665E9730075F1C1 /* Yumemi-WeatherTests */ = {
			isa = PBXGroup;
			children = (
				CDF185AC2665E9730075F1C1 /* Yumemi_WeatherTests.swift */,
				CDF185AE2665E9730075F1C1 /* Info.plist */,
			);
			path = "Yumemi-WeatherTests";
			sourceTree = "<group>";
		};
		CDF185B62665E9740075F1C1 /* Yumemi-WeatherUITests */ = {
			isa = PBXGroup;
			children = (
				CDF185B72665E9740075F1C1 /* Yumemi_WeatherUITests.swift */,
				CDF185B92665E9740075F1C1 /* Info.plist */,
			);
			path = "Yumemi-WeatherUITests";
			sourceTree = "<group>";
		};
		CDF998F8266783C8009A1B63 /* Model */ = {
			isa = PBXGroup;
			children = (
				CDF998F9266783EA009A1B63 /* WeatherModel.swift */,
			);
			path = Model;
			sourceTree = "<group>";
		};
		CDF998FB26678403009A1B63 /* View */ = {
			isa = PBXGroup;
			children = (
				CDF998FC26678414009A1B63 /* WeatherView.swift */,
			);
			path = View;
			sourceTree = "<group>";
		};
		CDF998FE2667842D009A1B63 /* Controller */ = {
			isa = PBXGroup;
			children = (
				CDF998F0266780B5009A1B63 /* ViewController.swift */,
			);
			path = Controller;
			sourceTree = "<group>";
		};
/* End PBXGroup section */

/* Begin PBXNativeTarget section */
		CDF185912665E9720075F1C1 /* Yumemi-Weather */ = {
			isa = PBXNativeTarget;
			buildConfigurationList = CDF185BC2665E9740075F1C1 /* Build configuration list for PBXNativeTarget "Yumemi-Weather" */;
			buildPhases = (
				71E33A940A9E45931DF67BDD /* [CP] Check Pods Manifest.lock */,
				CDB4842626677B90000A6F54 /* ShellScript */,
				CDF1858E2665E9720075F1C1 /* Sources */,
				CDF1858F2665E9720075F1C1 /* Frameworks */,
				CDF185902665E9720075F1C1 /* Resources */,
				D2835A145F97B838BF5BBC19 /* [CP] Embed Pods Frameworks */,
			);
			buildRules = (
			);
			dependencies = (
			);
			name = "Yumemi-Weather";
			packageProductDependencies = (
				CD1C7024266616F800BBF45F /* YumemiWeather */,
			);
			productName = "Yumemi-Weather";
			productReference = CDF185922665E9720075F1C1 /* Yumemi-Weather.app */;
			productType = "com.apple.product-type.application";
		};
		CDF185A72665E9730075F1C1 /* Yumemi-WeatherTests */ = {
			isa = PBXNativeTarget;
			buildConfigurationList = CDF185BF2665E9740075F1C1 /* Build configuration list for PBXNativeTarget "Yumemi-WeatherTests" */;
			buildPhases = (
				23D93B7FF7B2863DE4AF638A /* [CP] Check Pods Manifest.lock */,
				CDF185A42665E9730075F1C1 /* Sources */,
				CDF185A52665E9730075F1C1 /* Frameworks */,
				CDF185A62665E9730075F1C1 /* Resources */,
			);
			buildRules = (
			);
			dependencies = (
				CDF185AA2665E9730075F1C1 /* PBXTargetDependency */,
			);
			name = "Yumemi-WeatherTests";
			productName = "Yumemi-WeatherTests";
			productReference = CDF185A82665E9730075F1C1 /* Yumemi-WeatherTests.xctest */;
			productType = "com.apple.product-type.bundle.unit-test";
		};
		CDF185B22665E9740075F1C1 /* Yumemi-WeatherUITests */ = {
			isa = PBXNativeTarget;
			buildConfigurationList = CDF185C22665E9740075F1C1 /* Build configuration list for PBXNativeTarget "Yumemi-WeatherUITests" */;
			buildPhases = (
				B2B6F6F7538B7D519C08C2B4 /* [CP] Check Pods Manifest.lock */,
				CDF185AF2665E9740075F1C1 /* Sources */,
				CDF185B02665E9740075F1C1 /* Frameworks */,
				CDF185B12665E9740075F1C1 /* Resources */,
				38357B52AA8995822FBFA0FA /* [CP] Embed Pods Frameworks */,
			);
			buildRules = (
			);
			dependencies = (
				CDF185B52665E9740075F1C1 /* PBXTargetDependency */,
			);
			name = "Yumemi-WeatherUITests";
			productName = "Yumemi-WeatherUITests";
			productReference = CDF185B32665E9740075F1C1 /* Yumemi-WeatherUITests.xctest */;
			productType = "com.apple.product-type.bundle.ui-testing";
		};
/* End PBXNativeTarget section */

/* Begin PBXProject section */
		CDF1858A2665E9710075F1C1 /* Project object */ = {
			isa = PBXProject;
			attributes = {
				LastSwiftUpdateCheck = 1250;
				LastUpgradeCheck = 1250;
				TargetAttributes = {
					CDF185912665E9720075F1C1 = {
						CreatedOnToolsVersion = 12.5;
					};
					CDF185A72665E9730075F1C1 = {
						CreatedOnToolsVersion = 12.5;
						TestTargetID = CDF185912665E9720075F1C1;
					};
					CDF185B22665E9740075F1C1 = {
						CreatedOnToolsVersion = 12.5;
						TestTargetID = CDF185912665E9720075F1C1;
					};
				};
			};
			buildConfigurationList = CDF1858D2665E9710075F1C1 /* Build configuration list for PBXProject "Yumemi-Weather" */;
			compatibilityVersion = "Xcode 9.3";
			developmentRegion = en;
			hasScannedForEncodings = 0;
			knownRegions = (
				en,
				Base,
			);
			mainGroup = CDF185892665E9710075F1C1;
			packageReferences = (
				CD1C7023266616F800BBF45F /* XCRemoteSwiftPackageReference "ios-training" */,
			);
			productRefGroup = CDF185932665E9720075F1C1 /* Products */;
			projectDirPath = "";
			projectRoot = "";
			targets = (
				CDF185912665E9720075F1C1 /* Yumemi-Weather */,
				CDF185A72665E9730075F1C1 /* Yumemi-WeatherTests */,
				CDF185B22665E9740075F1C1 /* Yumemi-WeatherUITests */,
			);
		};
/* End PBXProject section */

/* Begin PBXResourcesBuildPhase section */
		CDF185902665E9720075F1C1 /* Resources */ = {
			isa = PBXResourcesBuildPhase;
			buildActionMask = 2147483647;
			files = (
				CDF185A22665E9730075F1C1 /* LaunchScreen.storyboard in Resources */,
				CDF1859F2665E9730075F1C1 /* Assets.xcassets in Resources */,
				CDF1859D2665E9720075F1C1 /* Main.storyboard in Resources */,
			);
			runOnlyForDeploymentPostprocessing = 0;
		};
		CDF185A62665E9730075F1C1 /* Resources */ = {
			isa = PBXResourcesBuildPhase;
			buildActionMask = 2147483647;
			files = (
			);
			runOnlyForDeploymentPostprocessing = 0;
		};
		CDF185B12665E9740075F1C1 /* Resources */ = {
			isa = PBXResourcesBuildPhase;
			buildActionMask = 2147483647;
			files = (
			);
			runOnlyForDeploymentPostprocessing = 0;
		};
/* End PBXResourcesBuildPhase section */

/* Begin PBXShellScriptBuildPhase section */
		23D93B7FF7B2863DE4AF638A /* [CP] Check Pods Manifest.lock */ = {
			isa = PBXShellScriptBuildPhase;
			buildActionMask = 2147483647;
			files = (
			);
			inputFileListPaths = (
			);
			inputPaths = (
				"${PODS_PODFILE_DIR_PATH}/Podfile.lock",
				"${PODS_ROOT}/Manifest.lock",
			);
			name = "[CP] Check Pods Manifest.lock";
			outputFileListPaths = (
			);
			outputPaths = (
				"$(DERIVED_FILE_DIR)/Pods-Yumemi-WeatherTests-checkManifestLockResult.txt",
			);
			runOnlyForDeploymentPostprocessing = 0;
			shellPath = /bin/sh;
			shellScript = "diff \"${PODS_PODFILE_DIR_PATH}/Podfile.lock\" \"${PODS_ROOT}/Manifest.lock\" > /dev/null\nif [ $? != 0 ] ; then\n    # print error to STDERR\n    echo \"error: The sandbox is not in sync with the Podfile.lock. Run 'pod install' or update your CocoaPods installation.\" >&2\n    exit 1\nfi\n# This output is used by Xcode 'outputs' to avoid re-running this script phase.\necho \"SUCCESS\" > \"${SCRIPT_OUTPUT_FILE_0}\"\n";
			showEnvVarsInLog = 0;
		};
		38357B52AA8995822FBFA0FA /* [CP] Embed Pods Frameworks */ = {
			isa = PBXShellScriptBuildPhase;
			buildActionMask = 2147483647;
			files = (
			);
			inputFileListPaths = (
				"${PODS_ROOT}/Target Support Files/Pods-Yumemi-Weather-Yumemi-WeatherUITests/Pods-Yumemi-Weather-Yumemi-WeatherUITests-frameworks-${CONFIGURATION}-input-files.xcfilelist",
			);
			name = "[CP] Embed Pods Frameworks";
			outputFileListPaths = (
				"${PODS_ROOT}/Target Support Files/Pods-Yumemi-Weather-Yumemi-WeatherUITests/Pods-Yumemi-Weather-Yumemi-WeatherUITests-frameworks-${CONFIGURATION}-output-files.xcfilelist",
			);
			runOnlyForDeploymentPostprocessing = 0;
			shellPath = /bin/sh;
			shellScript = "\"${PODS_ROOT}/Target Support Files/Pods-Yumemi-Weather-Yumemi-WeatherUITests/Pods-Yumemi-Weather-Yumemi-WeatherUITests-frameworks.sh\"\n";
			showEnvVarsInLog = 0;
		};
		71E33A940A9E45931DF67BDD /* [CP] Check Pods Manifest.lock */ = {
			isa = PBXShellScriptBuildPhase;
			buildActionMask = 2147483647;
			files = (
			);
			inputFileListPaths = (
			);
			inputPaths = (
				"${PODS_PODFILE_DIR_PATH}/Podfile.lock",
				"${PODS_ROOT}/Manifest.lock",
			);
			name = "[CP] Check Pods Manifest.lock";
			outputFileListPaths = (
			);
			outputPaths = (
				"$(DERIVED_FILE_DIR)/Pods-Yumemi-Weather-checkManifestLockResult.txt",
			);
			runOnlyForDeploymentPostprocessing = 0;
			shellPath = /bin/sh;
			shellScript = "diff \"${PODS_PODFILE_DIR_PATH}/Podfile.lock\" \"${PODS_ROOT}/Manifest.lock\" > /dev/null\nif [ $? != 0 ] ; then\n    # print error to STDERR\n    echo \"error: The sandbox is not in sync with the Podfile.lock. Run 'pod install' or update your CocoaPods installation.\" >&2\n    exit 1\nfi\n# This output is used by Xcode 'outputs' to avoid re-running this script phase.\necho \"SUCCESS\" > \"${SCRIPT_OUTPUT_FILE_0}\"\n";
			showEnvVarsInLog = 0;
		};
		B2B6F6F7538B7D519C08C2B4 /* [CP] Check Pods Manifest.lock */ = {
			isa = PBXShellScriptBuildPhase;
			buildActionMask = 2147483647;
			files = (
			);
			inputFileListPaths = (
			);
			inputPaths = (
				"${PODS_PODFILE_DIR_PATH}/Podfile.lock",
				"${PODS_ROOT}/Manifest.lock",
			);
			name = "[CP] Check Pods Manifest.lock";
			outputFileListPaths = (
			);
			outputPaths = (
				"$(DERIVED_FILE_DIR)/Pods-Yumemi-Weather-Yumemi-WeatherUITests-checkManifestLockResult.txt",
			);
			runOnlyForDeploymentPostprocessing = 0;
			shellPath = /bin/sh;
			shellScript = "diff \"${PODS_PODFILE_DIR_PATH}/Podfile.lock\" \"${PODS_ROOT}/Manifest.lock\" > /dev/null\nif [ $? != 0 ] ; then\n    # print error to STDERR\n    echo \"error: The sandbox is not in sync with the Podfile.lock. Run 'pod install' or update your CocoaPods installation.\" >&2\n    exit 1\nfi\n# This output is used by Xcode 'outputs' to avoid re-running this script phase.\necho \"SUCCESS\" > \"${SCRIPT_OUTPUT_FILE_0}\"\n";
			showEnvVarsInLog = 0;
		};
		CDB4842626677B90000A6F54 /* ShellScript */ = {
			isa = PBXShellScriptBuildPhase;
			buildActionMask = 2147483647;
			files = (
			);
			inputFileListPaths = (
			);
			inputPaths = (
				"$TEMP_DIR/rswift-lastrun",
			);
			outputFileListPaths = (
			);
			outputPaths = (
				$SRCROOT/R.generated.swift,
			);
			runOnlyForDeploymentPostprocessing = 0;
			shellPath = /bin/sh;
			shellScript = "# Type a script or drag a script file from your workspace to insert its path.\n\"$PODS_ROOT/R.swift/rswift\" generate \"$SRCROOT/R.generated.swift\"\n";
		};
		D2835A145F97B838BF5BBC19 /* [CP] Embed Pods Frameworks */ = {
			isa = PBXShellScriptBuildPhase;
			buildActionMask = 2147483647;
			files = (
			);
			inputFileListPaths = (
				"${PODS_ROOT}/Target Support Files/Pods-Yumemi-Weather/Pods-Yumemi-Weather-frameworks-${CONFIGURATION}-input-files.xcfilelist",
			);
			name = "[CP] Embed Pods Frameworks";
			outputFileListPaths = (
				"${PODS_ROOT}/Target Support Files/Pods-Yumemi-Weather/Pods-Yumemi-Weather-frameworks-${CONFIGURATION}-output-files.xcfilelist",
			);
			runOnlyForDeploymentPostprocessing = 0;
			shellPath = /bin/sh;
			shellScript = "\"${PODS_ROOT}/Target Support Files/Pods-Yumemi-Weather/Pods-Yumemi-Weather-frameworks.sh\"\n";
			showEnvVarsInLog = 0;
		};
/* End PBXShellScriptBuildPhase section */

/* Begin PBXSourcesBuildPhase section */
		CDF1858E2665E9720075F1C1 /* Sources */ = {
			isa = PBXSourcesBuildPhase;
			buildActionMask = 2147483647;
			files = (
				CDF185962665E9720075F1C1 /* AppDelegate.swift in Sources */,
				CD010BAA26677D4F00821658 /* SceneDelegate.swift in Sources */,
				CDF998F1266780B5009A1B63 /* ViewController.swift in Sources */,
				CDF998FA266783EA009A1B63 /* WeatherModel.swift in Sources */,
				CDF998F726678333009A1B63 /* R.generated.swift in Sources */,
				CDF998FD26678414009A1B63 /* WeatherView.swift in Sources */,
			);
			runOnlyForDeploymentPostprocessing = 0;
		};
		CDF185A42665E9730075F1C1 /* Sources */ = {
			isa = PBXSourcesBuildPhase;
			buildActionMask = 2147483647;
			files = (
				CDF185AD2665E9730075F1C1 /* Yumemi_WeatherTests.swift in Sources */,
			);
			runOnlyForDeploymentPostprocessing = 0;
		};
		CDF185AF2665E9740075F1C1 /* Sources */ = {
			isa = PBXSourcesBuildPhase;
			buildActionMask = 2147483647;
			files = (
				CDF185B82665E9740075F1C1 /* Yumemi_WeatherUITests.swift in Sources */,
			);
			runOnlyForDeploymentPostprocessing = 0;
		};
/* End PBXSourcesBuildPhase section */

/* Begin PBXTargetDependency section */
		CDF185AA2665E9730075F1C1 /* PBXTargetDependency */ = {
			isa = PBXTargetDependency;
			target = CDF185912665E9720075F1C1 /* Yumemi-Weather */;
			targetProxy = CDF185A92665E9730075F1C1 /* PBXContainerItemProxy */;
		};
		CDF185B52665E9740075F1C1 /* PBXTargetDependency */ = {
			isa = PBXTargetDependency;
			target = CDF185912665E9720075F1C1 /* Yumemi-Weather */;
			targetProxy = CDF185B42665E9740075F1C1 /* PBXContainerItemProxy */;
		};
/* End PBXTargetDependency section */

/* Begin PBXVariantGroup section */
		CDF1859B2665E9720075F1C1 /* Main.storyboard */ = {
			isa = PBXVariantGroup;
			children = (
				CDF1859C2665E9720075F1C1 /* Base */,
			);
			name = Main.storyboard;
			sourceTree = "<group>";
		};
		CDF185A02665E9730075F1C1 /* LaunchScreen.storyboard */ = {
			isa = PBXVariantGroup;
			children = (
				CDF185A12665E9730075F1C1 /* Base */,
			);
			name = LaunchScreen.storyboard;
			sourceTree = "<group>";
		};
/* End PBXVariantGroup section */

/* Begin XCBuildConfiguration section */
		CDF185BA2665E9740075F1C1 /* Debug */ = {
			isa = XCBuildConfiguration;
			buildSettings = {
				ALWAYS_SEARCH_USER_PATHS = NO;
				CLANG_ANALYZER_NONNULL = YES;
				CLANG_ANALYZER_NUMBER_OBJECT_CONVERSION = YES_AGGRESSIVE;
				CLANG_CXX_LANGUAGE_STANDARD = "gnu++14";
				CLANG_CXX_LIBRARY = "libc++";
				CLANG_ENABLE_MODULES = YES;
				CLANG_ENABLE_OBJC_ARC = YES;
				CLANG_ENABLE_OBJC_WEAK = YES;
				CLANG_WARN_BLOCK_CAPTURE_AUTORELEASING = YES;
				CLANG_WARN_BOOL_CONVERSION = YES;
				CLANG_WARN_COMMA = YES;
				CLANG_WARN_CONSTANT_CONVERSION = YES;
				CLANG_WARN_DEPRECATED_OBJC_IMPLEMENTATIONS = YES;
				CLANG_WARN_DIRECT_OBJC_ISA_USAGE = YES_ERROR;
				CLANG_WARN_DOCUMENTATION_COMMENTS = YES;
				CLANG_WARN_EMPTY_BODY = YES;
				CLANG_WARN_ENUM_CONVERSION = YES;
				CLANG_WARN_INFINITE_RECURSION = YES;
				CLANG_WARN_INT_CONVERSION = YES;
				CLANG_WARN_NON_LITERAL_NULL_CONVERSION = YES;
				CLANG_WARN_OBJC_IMPLICIT_RETAIN_SELF = YES;
				CLANG_WARN_OBJC_LITERAL_CONVERSION = YES;
				CLANG_WARN_OBJC_ROOT_CLASS = YES_ERROR;
				CLANG_WARN_QUOTED_INCLUDE_IN_FRAMEWORK_HEADER = YES;
				CLANG_WARN_RANGE_LOOP_ANALYSIS = YES;
				CLANG_WARN_STRICT_PROTOTYPES = YES;
				CLANG_WARN_SUSPICIOUS_MOVE = YES;
				CLANG_WARN_UNGUARDED_AVAILABILITY = YES_AGGRESSIVE;
				CLANG_WARN_UNREACHABLE_CODE = YES;
				CLANG_WARN__DUPLICATE_METHOD_MATCH = YES;
				COPY_PHASE_STRIP = NO;
				DEBUG_INFORMATION_FORMAT = dwarf;
				ENABLE_STRICT_OBJC_MSGSEND = YES;
				ENABLE_TESTABILITY = YES;
				GCC_C_LANGUAGE_STANDARD = gnu11;
				GCC_DYNAMIC_NO_PIC = NO;
				GCC_NO_COMMON_BLOCKS = YES;
				GCC_OPTIMIZATION_LEVEL = 0;
				GCC_PREPROCESSOR_DEFINITIONS = (
					"DEBUG=1",
					"$(inherited)",
				);
				GCC_WARN_64_TO_32_BIT_CONVERSION = YES;
				GCC_WARN_ABOUT_RETURN_TYPE = YES_ERROR;
				GCC_WARN_UNDECLARED_SELECTOR = YES;
				GCC_WARN_UNINITIALIZED_AUTOS = YES_AGGRESSIVE;
				GCC_WARN_UNUSED_FUNCTION = YES;
				GCC_WARN_UNUSED_VARIABLE = YES;
				IPHONEOS_DEPLOYMENT_TARGET = 14.5;
				MTL_ENABLE_DEBUG_INFO = INCLUDE_SOURCE;
				MTL_FAST_MATH = YES;
				ONLY_ACTIVE_ARCH = YES;
				SDKROOT = iphoneos;
				SWIFT_ACTIVE_COMPILATION_CONDITIONS = DEBUG;
				SWIFT_OPTIMIZATION_LEVEL = "-Onone";
			};
			name = Debug;
		};
		CDF185BB2665E9740075F1C1 /* Release */ = {
			isa = XCBuildConfiguration;
			buildSettings = {
				ALWAYS_SEARCH_USER_PATHS = NO;
				CLANG_ANALYZER_NONNULL = YES;
				CLANG_ANALYZER_NUMBER_OBJECT_CONVERSION = YES_AGGRESSIVE;
				CLANG_CXX_LANGUAGE_STANDARD = "gnu++14";
				CLANG_CXX_LIBRARY = "libc++";
				CLANG_ENABLE_MODULES = YES;
				CLANG_ENABLE_OBJC_ARC = YES;
				CLANG_ENABLE_OBJC_WEAK = YES;
				CLANG_WARN_BLOCK_CAPTURE_AUTORELEASING = YES;
				CLANG_WARN_BOOL_CONVERSION = YES;
				CLANG_WARN_COMMA = YES;
				CLANG_WARN_CONSTANT_CONVERSION = YES;
				CLANG_WARN_DEPRECATED_OBJC_IMPLEMENTATIONS = YES;
				CLANG_WARN_DIRECT_OBJC_ISA_USAGE = YES_ERROR;
				CLANG_WARN_DOCUMENTATION_COMMENTS = YES;
				CLANG_WARN_EMPTY_BODY = YES;
				CLANG_WARN_ENUM_CONVERSION = YES;
				CLANG_WARN_INFINITE_RECURSION = YES;
				CLANG_WARN_INT_CONVERSION = YES;
				CLANG_WARN_NON_LITERAL_NULL_CONVERSION = YES;
				CLANG_WARN_OBJC_IMPLICIT_RETAIN_SELF = YES;
				CLANG_WARN_OBJC_LITERAL_CONVERSION = YES;
				CLANG_WARN_OBJC_ROOT_CLASS = YES_ERROR;
				CLANG_WARN_QUOTED_INCLUDE_IN_FRAMEWORK_HEADER = YES;
				CLANG_WARN_RANGE_LOOP_ANALYSIS = YES;
				CLANG_WARN_STRICT_PROTOTYPES = YES;
				CLANG_WARN_SUSPICIOUS_MOVE = YES;
				CLANG_WARN_UNGUARDED_AVAILABILITY = YES_AGGRESSIVE;
				CLANG_WARN_UNREACHABLE_CODE = YES;
				CLANG_WARN__DUPLICATE_METHOD_MATCH = YES;
				COPY_PHASE_STRIP = NO;
				DEBUG_INFORMATION_FORMAT = "dwarf-with-dsym";
				ENABLE_NS_ASSERTIONS = NO;
				ENABLE_STRICT_OBJC_MSGSEND = YES;
				GCC_C_LANGUAGE_STANDARD = gnu11;
				GCC_NO_COMMON_BLOCKS = YES;
				GCC_WARN_64_TO_32_BIT_CONVERSION = YES;
				GCC_WARN_ABOUT_RETURN_TYPE = YES_ERROR;
				GCC_WARN_UNDECLARED_SELECTOR = YES;
				GCC_WARN_UNINITIALIZED_AUTOS = YES_AGGRESSIVE;
				GCC_WARN_UNUSED_FUNCTION = YES;
				GCC_WARN_UNUSED_VARIABLE = YES;
				IPHONEOS_DEPLOYMENT_TARGET = 14.5;
				MTL_ENABLE_DEBUG_INFO = NO;
				MTL_FAST_MATH = YES;
				SDKROOT = iphoneos;
				SWIFT_COMPILATION_MODE = wholemodule;
				SWIFT_OPTIMIZATION_LEVEL = "-O";
				VALIDATE_PRODUCT = YES;
			};
			name = Release;
		};
		CDF185BD2665E9740075F1C1 /* Debug */ = {
			isa = XCBuildConfiguration;
			baseConfigurationReference = 03294A57D80198BE4D1FDDBA /* Pods-Yumemi-Weather.debug.xcconfig */;
			buildSettings = {
				ASSETCATALOG_COMPILER_APPICON_NAME = AppIcon;
				ASSETCATALOG_COMPILER_GLOBAL_ACCENT_COLOR_NAME = AccentColor;
				CODE_SIGN_STYLE = Automatic;
				DEVELOPMENT_TEAM = 45BK4R2U44;
				INFOPLIST_FILE = "Yumemi-Weather/Info.plist";
				LD_RUNPATH_SEARCH_PATHS = (
					"$(inherited)",
					"@executable_path/Frameworks",
				);
				PRODUCT_BUNDLE_IDENTIFIER = "com.Sklab.Yumemi-Weather";
				PRODUCT_NAME = "$(TARGET_NAME)";
				SWIFT_VERSION = 5.0;
				TARGETED_DEVICE_FAMILY = "1,2";
			};
			name = Debug;
		};
		CDF185BE2665E9740075F1C1 /* Release */ = {
			isa = XCBuildConfiguration;
			baseConfigurationReference = 1869855746586A7D4928FC38 /* Pods-Yumemi-Weather.release.xcconfig */;
			buildSettings = {
				ASSETCATALOG_COMPILER_APPICON_NAME = AppIcon;
				ASSETCATALOG_COMPILER_GLOBAL_ACCENT_COLOR_NAME = AccentColor;
				CODE_SIGN_STYLE = Automatic;
				DEVELOPMENT_TEAM = 45BK4R2U44;
				INFOPLIST_FILE = "Yumemi-Weather/Info.plist";
				LD_RUNPATH_SEARCH_PATHS = (
					"$(inherited)",
					"@executable_path/Frameworks",
				);
				PRODUCT_BUNDLE_IDENTIFIER = "com.Sklab.Yumemi-Weather";
				PRODUCT_NAME = "$(TARGET_NAME)";
				SWIFT_VERSION = 5.0;
				TARGETED_DEVICE_FAMILY = "1,2";
			};
			name = Release;
		};
		CDF185C02665E9740075F1C1 /* Debug */ = {
			isa = XCBuildConfiguration;
			baseConfigurationReference = 1D969878AE96E01AF165DB69 /* Pods-Yumemi-WeatherTests.debug.xcconfig */;
			buildSettings = {
				ALWAYS_EMBED_SWIFT_STANDARD_LIBRARIES = "$(inherited)";
				BUNDLE_LOADER = "$(TEST_HOST)";
				CODE_SIGN_STYLE = Automatic;
				DEVELOPMENT_TEAM = 45BK4R2U44;
				INFOPLIST_FILE = "Yumemi-WeatherTests/Info.plist";
				IPHONEOS_DEPLOYMENT_TARGET = 14.5;
				LD_RUNPATH_SEARCH_PATHS = (
					"$(inherited)",
					"@executable_path/Frameworks",
					"@loader_path/Frameworks",
				);
				PRODUCT_BUNDLE_IDENTIFIER = "com.Sklab.Yumemi-WeatherTests";
				PRODUCT_NAME = "$(TARGET_NAME)";
				SWIFT_VERSION = 5.0;
				TARGETED_DEVICE_FAMILY = "1,2";
				TEST_HOST = "$(BUILT_PRODUCTS_DIR)/Yumemi-Weather.app/Yumemi-Weather";
			};
			name = Debug;
		};
		CDF185C12665E9740075F1C1 /* Release */ = {
			isa = XCBuildConfiguration;
			baseConfigurationReference = E4AED6D6B5DC4E3F76E4320B /* Pods-Yumemi-WeatherTests.release.xcconfig */;
			buildSettings = {
				ALWAYS_EMBED_SWIFT_STANDARD_LIBRARIES = "$(inherited)";
				BUNDLE_LOADER = "$(TEST_HOST)";
				CODE_SIGN_STYLE = Automatic;
				DEVELOPMENT_TEAM = 45BK4R2U44;
				INFOPLIST_FILE = "Yumemi-WeatherTests/Info.plist";
				IPHONEOS_DEPLOYMENT_TARGET = 14.5;
				LD_RUNPATH_SEARCH_PATHS = (
					"$(inherited)",
					"@executable_path/Frameworks",
					"@loader_path/Frameworks",
				);
				PRODUCT_BUNDLE_IDENTIFIER = "com.Sklab.Yumemi-WeatherTests";
				PRODUCT_NAME = "$(TARGET_NAME)";
				SWIFT_VERSION = 5.0;
				TARGETED_DEVICE_FAMILY = "1,2";
				TEST_HOST = "$(BUILT_PRODUCTS_DIR)/Yumemi-Weather.app/Yumemi-Weather";
			};
			name = Release;
		};
		CDF185C32665E9740075F1C1 /* Debug */ = {
			isa = XCBuildConfiguration;
			baseConfigurationReference = 6A60754269231A0F4521F683 /* Pods-Yumemi-Weather-Yumemi-WeatherUITests.debug.xcconfig */;
			buildSettings = {
				ALWAYS_EMBED_SWIFT_STANDARD_LIBRARIES = "$(inherited)";
				CODE_SIGN_STYLE = Automatic;
				DEVELOPMENT_TEAM = 45BK4R2U44;
				INFOPLIST_FILE = "Yumemi-WeatherUITests/Info.plist";
				LD_RUNPATH_SEARCH_PATHS = (
					"$(inherited)",
					"@executable_path/Frameworks",
					"@loader_path/Frameworks",
				);
				PRODUCT_BUNDLE_IDENTIFIER = "com.Sklab.Yumemi-WeatherUITests";
				PRODUCT_NAME = "$(TARGET_NAME)";
				SWIFT_VERSION = 5.0;
				TARGETED_DEVICE_FAMILY = "1,2";
				TEST_TARGET_NAME = "Yumemi-Weather";
			};
			name = Debug;
		};
		CDF185C42665E9740075F1C1 /* Release */ = {
			isa = XCBuildConfiguration;
			baseConfigurationReference = 172F4D023F06ABC2A637E86C /* Pods-Yumemi-Weather-Yumemi-WeatherUITests.release.xcconfig */;
			buildSettings = {
				ALWAYS_EMBED_SWIFT_STANDARD_LIBRARIES = "$(inherited)";
				CODE_SIGN_STYLE = Automatic;
				DEVELOPMENT_TEAM = 45BK4R2U44;
				INFOPLIST_FILE = "Yumemi-WeatherUITests/Info.plist";
				LD_RUNPATH_SEARCH_PATHS = (
					"$(inherited)",
					"@executable_path/Frameworks",
					"@loader_path/Frameworks",
				);
				PRODUCT_BUNDLE_IDENTIFIER = "com.Sklab.Yumemi-WeatherUITests";
				PRODUCT_NAME = "$(TARGET_NAME)";
				SWIFT_VERSION = 5.0;
				TARGETED_DEVICE_FAMILY = "1,2";
				TEST_TARGET_NAME = "Yumemi-Weather";
			};
			name = Release;
		};
/* End XCBuildConfiguration section */

/* Begin XCConfigurationList section */
		CDF1858D2665E9710075F1C1 /* Build configuration list for PBXProject "Yumemi-Weather" */ = {
			isa = XCConfigurationList;
			buildConfigurations = (
				CDF185BA2665E9740075F1C1 /* Debug */,
				CDF185BB2665E9740075F1C1 /* Release */,
			);
			defaultConfigurationIsVisible = 0;
			defaultConfigurationName = Release;
		};
		CDF185BC2665E9740075F1C1 /* Build configuration list for PBXNativeTarget "Yumemi-Weather" */ = {
			isa = XCConfigurationList;
			buildConfigurations = (
				CDF185BD2665E9740075F1C1 /* Debug */,
				CDF185BE2665E9740075F1C1 /* Release */,
			);
			defaultConfigurationIsVisible = 0;
			defaultConfigurationName = Release;
		};
		CDF185BF2665E9740075F1C1 /* Build configuration list for PBXNativeTarget "Yumemi-WeatherTests" */ = {
			isa = XCConfigurationList;
			buildConfigurations = (
				CDF185C02665E9740075F1C1 /* Debug */,
				CDF185C12665E9740075F1C1 /* Release */,
			);
			defaultConfigurationIsVisible = 0;
			defaultConfigurationName = Release;
		};
		CDF185C22665E9740075F1C1 /* Build configuration list for PBXNativeTarget "Yumemi-WeatherUITests" */ = {
			isa = XCConfigurationList;
			buildConfigurations = (
				CDF185C32665E9740075F1C1 /* Debug */,
				CDF185C42665E9740075F1C1 /* Release */,
			);
			defaultConfigurationIsVisible = 0;
			defaultConfigurationName = Release;
		};
/* End XCConfigurationList section */

/* Begin XCRemoteSwiftPackageReference section */
		CD1C7023266616F800BBF45F /* XCRemoteSwiftPackageReference "ios-training" */ = {
			isa = XCRemoteSwiftPackageReference;
			repositoryURL = "https://github.com/yumemi-inc/ios-training.git";
			requirement = {
				kind = upToNextMajorVersion;
				minimumVersion = 1.0.4;
			};
		};
/* End XCRemoteSwiftPackageReference section */

/* Begin XCSwiftPackageProductDependency section */
		CD1C7024266616F800BBF45F /* YumemiWeather */ = {
			isa = XCSwiftPackageProductDependency;
			package = CD1C7023266616F800BBF45F /* XCRemoteSwiftPackageReference "ios-training" */;
			productName = YumemiWeather;
		};
/* End XCSwiftPackageProductDependency section */
	};
	rootObject = CDF1858A2665E9710075F1C1 /* Project object */;
}
